
Microsoft Visual Studio Solution File, Format Version 12.00
# Visual Studio Version 17
VisualStudioVersion = 17.8.34330.188
MinimumVisualStudioVersion = 10.0.40219.1
Project("{FAE04EC0-301F-11D3-BF4B-00C04F79EFBC}") = "MAUILayouts", "MAUILayouts\MAUILayouts.csproj", "{EFE4EC33-B012-4CCA-9254-27438D2984FC}"
EndProject
Global
	GlobalSection(SolutionConfigurationPlatforms) = preSolution
		Debug|Any CPU = Debug|Any CPU
		Release|Any CPU = Release|Any CPU
	EndGlobalSection
	GlobalSection(ProjectConfigurationPlatforms) = postSolution
		{EFE4EC33-B012-4CCA-9254-27438D2984FC}.Debug|Any CPU.ActiveCfg = Debug|Any CPU
		{EFE4EC33-B012-4CCA-9254-27438D2984FC}.Debug|Any CPU.Build.0 = Debug|Any CPU
		{EFE4EC33-B012-4CCA-9254-27438D2984FC}.Debug|Any CPU.Deploy.0 = Debug|Any CPU
		{EFE4EC33-B012-4CCA-9254-27438D2984FC}.Release|Any CPU.ActiveCfg = Release|Any CPU
		{EFE4EC33-B012-4CCA-9254-27438D2984FC}.Release|Any CPU.Build.0 = Release|Any CPU
		{EFE4EC33-B012-4CCA-9254-27438D2984FC}.Release|Any CPU.Deploy.0 = Release|Any CPU
	EndGlobalSection
	GlobalSection(SolutionProperties) = preSolution
		HideSolutionNode = FALSE
	EndGlobalSection
	GlobalSection(ExtensibilityGlobals) = postSolution
		SolutionGuid = {42ED357C-9651-41BC-817E-08609EF502B2}
	EndGlobalSection
EndGlobal
